{
    "_meta": {
        "hash": {
            "sha256": "b0dea817842a9a55d09ab69a1f5b6f58581020ea46b4aee7e2ac24fe28cb7cec"
        },
        "pipfile-spec": 6,
        "requires": {
            "python_version": "3.8"
        },
        "sources": [
            {
                "name": "pypi",
                "url": "https://pypi.org/simple",
                "verify_ssl": true
            }
        ]
    },
    "default": {
        "ortools": {
            "hashes": [
                "sha256:12bcf3687e47f075ea552aa90f69b9951cab40a4ea24315ecaee3a72b498a6d6",
                "sha256:24d2358e2fc16bdeefe7b475adbc2545e662340f731189bd976a0c569d690207",
                "sha256:4fafeeeb4362bbbe6959915c7566ff59bbc2dbf976c701cabf027a526d6e1e86",
                "sha256:5462ab771d33b85ecce788bf050519e93f90010e2994c810e9533398dbfde263",
                "sha256:80f9bb9f5048de5654768b28bdd818827b968d943515dffe8f1bef23c0c243f2",
                "sha256:a60bee718b06c5832a7900e4a914fc69766d79554ea5e6e58972a7386a70e42f",
                "sha256:b2d0bdf6f8d6292ce6785a28acfaff0be56767599b3273baf35f759b8a161290",
                "sha256:bd246a46d5c37c88cedb6125ca9d0d161923581a1c014be6bc3dfaaf2a208d08",
                "sha256:d1c69bf43d8230497527bc89332696aa466900d88fa1dbc932b50571a2b659e6",
                "sha256:de23a68ade71857a97e8e4d26345ed81474ea126837a7430187f3e0d67982390",
                "sha256:e3a4393412b11a236091ddbfd1871c61aca219b0f725e80a338fc816fc2cbce2"
            ],
            "index": "pypi",
            "version": "==7.8.7959"
        },
        "protobuf": {
            "hashes": [
                "sha256:013a9ec4dccad9a6ed3aa1ad9e86a25a4e0d6d3bbe059b6f6502db20473c3e69",
                "sha256:0e00b4e4a4800b389ae7f0058e1fc9d012444fdde926569d8cce55c84a01ef74",
                "sha256:11f192d491613f692b3ddc18f06c925785b3019c8e35d32c811421ca9ff7d50e",
                "sha256:25f0ee57684f7bc3f0511b73cf55c016a891d09079c357794759663fe3da9cd3",
                "sha256:2ccc0169b5145b3af676b6997be6fe62961edfc12bb524a7b9c46fb5d208a3d4",
                "sha256:40f031f79b0254aa62082ca87776c0959d85adf99f09cdef9d0b320bb772a609",
                "sha256:44d824adb48fe8baf81e628c2edaf9911912cd592a83621d2b877ccfde631d61",
                "sha256:50f28efa66232a2fbbdd638dd61d9399ff66bcfde40ff305263b229692928081",
                "sha256:51e080fb1de5db54b0a6b1519ba8dda55e57404b0a4948e58f1342a3e15d89ec",
                "sha256:5c2ee13f5ea237a17bd81f52f972b7d334c0a43330d2a2a7b25b07f16eb146d8",
                "sha256:830a9c71df347b3fb3cd24ec985c4ed64f6e75983f543a1d8a3c96302dae915c",
                "sha256:867635c1d541ce336a1a4df3379d1116f02eba6dc326d080c8ef02f34036c415",
                "sha256:94b34486986d7683e83f9d02a0112533263fc20fae54fff3f4fd69451e682ec7",
                "sha256:ae4bcd5a0ce3f77d0523c3e5ed0d04ed2af454f7bf7cef08cb7a8d0915ac80a9",
                "sha256:b04449133e31b65924650d758efbc2397c2d0e5eb3c8cae7428ffc4fa9c3403d",
                "sha256:d892e487bd544463ce1e656434591593f710169335ac3f02ce30ee866c2f2464",
                "sha256:e9f13fadb15b80e4a83ef5d9fa44e19243b1e2d96e84ee2228ca305180ca059e",
                "sha256:ef69a10d45529a08367e70e736b3ce8e2af51360f23650ef1d4381ff9038467a",
                "sha256:f6d10b1f86cebb8008a256f474948fc6204391e02a9c12935eebf036bbb07b65",
                "sha256:fecf1b00ccc87bb8debca8b56458cc57c486d2d7afe22c7526728f79ffe232f4"
            ],
            "index": "pypi",
            "version": "==3.15.0"
        },
        "six": {
            "hashes": [
                "sha256:1e61c37477a1626458e36f7b1d82aa5c9b094fa4802892072e49de9c60c4c926",
                "sha256:8abb2f1d86890a2dfb989f9a77cfcfd3e47c2a354b01111771326f8aa26e0254"
            ],
            "markers": "python_version >= '2.7' and python_version not in '3.0, 3.1, 3.2, 3.3'",
            "version": "==1.16.0"
        }
    },
    "develop": {}
}
